
Microsoft Visual Studio Solution File, Format Version 12.00
# Visual Studio Version 16
VisualStudioVersion = 16.0.29911.84
MinimumVisualStudioVersion = 10.0.40219.1
Project("{FAE04EC0-301F-11D3-BF4B-00C04F79EFBC}") = "CouponWithoutOCP", "CouponWithoutOCP\CouponWithoutOCP.csproj", "{D5FBAC95-A995-4128-A64B-D3990BAAE492}"
EndProject
Project("{FAE04EC0-301F-11D3-BF4B-00C04F79EFBC}") = "CouponWithOCP", "CouponWithOCP\CouponWithOCP\CouponWithOCP.csproj", "{1EF6865F-251C-4FA5-808C-6788342F2750}"
EndProject
Global
	GlobalSection(SolutionConfigurationPlatforms) = preSolution
		Debug|Any CPU = Debug|Any CPU
		Release|Any CPU = Release|Any CPU
	EndGlobalSection
	GlobalSection(ProjectConfigurationPlatforms) = postSolution
		{D5FBAC95-A995-4128-A64B-D3990BAAE492}.Debug|Any CPU.ActiveCfg = Debug|Any CPU
		{D5FBAC95-A995-4128-A64B-D3990BAAE492}.Debug|Any CPU.Build.0 = Debug|Any CPU
		{D5FBAC95-A995-4128-A64B-D3990BAAE492}.Release|Any CPU.ActiveCfg = Release|Any CPU
		{D5FBAC95-A995-4128-A64B-D3990BAAE492}.Release|Any CPU.Build.0 = Release|Any CPU
		{1EF6865F-251C-4FA5-808C-6788342F2750}.Debug|Any CPU.ActiveCfg = Debug|Any CPU
		{1EF6865F-251C-4FA5-808C-6788342F2750}.Debug|Any CPU.Build.0 = Debug|Any CPU
		{1EF6865F-251C-4FA5-808C-6788342F2750}.Release|Any CPU.ActiveCfg = Release|Any CPU
		{1EF6865F-251C-4FA5-808C-6788342F2750}.Release|Any CPU.Build.0 = Release|Any CPU
	EndGlobalSection
	GlobalSection(SolutionProperties) = preSolution
		HideSolutionNode = FALSE
	EndGlobalSection
	GlobalSection(ExtensibilityGlobals) = postSolution
		SolutionGuid = {4F35254F-6C6E-4863-8A37-4F30ED519B2D}
	EndGlobalSection
EndGlobal
